{
  "version": 4,
  "terraform_version": "1.6.3",
  "serial": 8,
  "lineage": "422f3905-01f1-445b-43a5-b84f41868c9d",
  "outputs": {
    "kubernetes_cluster_host": {
      "value": "35.223.234.140",
      "type": "string"
    },
    "kubernetes_cluster_name": {
      "value": "gke-user-gke",
      "type": "string"
    },
    "project_id": {
      "value": "gke-user",
      "type": "string"
    },
    "region": {
      "value": "us-central1",
      "type": "string"
    }
  },
  "resources": [
    {
      "mode": "managed",
      "type": "google_compute_network",
      "name": "vpc",
      "provider": "provider[\"registry.terraform.io/hashicorp/google\"]",
      "instances": [
        {
          "schema_version": 0,
          "attributes": {
            "auto_create_subnetworks": false,
            "delete_default_routes_on_create": false,
            "description": "",
            "enable_ula_internal_ipv6": false,
            "gateway_ipv4": "",
            "id": "projects/gke-user/global/networks/gke-user-vpc",
            "internal_ipv6_range": "",
            "mtu": 0,
            "name": "gke-user-vpc",
            "project": "gke-user",
            "routing_mode": "REGIONAL",
            "self_link": "https://www.googleapis.com/compute/v1/projects/gke-user/global/networks/gke-user-vpc",
            "timeouts": null
          },
          "sensitive_attributes": [],
          "private": "eyJlMmJmYjczMC1lY2FhLTExZTYtOGY4OC0zNDM2M2JjN2M0YzAiOnsiY3JlYXRlIjoxMjAwMDAwMDAwMDAwLCJkZWxldGUiOjEyMDAwMDAwMDAwMDAsInVwZGF0ZSI6MTIwMDAwMDAwMDAwMH19"
        }
      ]
    },
    {
      "mode": "managed",
      "type": "google_compute_subnetwork",
      "name": "subnet",
      "provider": "provider[\"registry.terraform.io/hashicorp/google\"]",
      "instances": [
        {
          "schema_version": 0,
          "attributes": {
            "creation_timestamp": "2024-05-28T11:44:02.703-07:00",
            "description": "",
            "external_ipv6_prefix": "",
            "fingerprint": null,
            "gateway_address": "10.10.0.1",
            "id": "projects/gke-user/regions/us-central1/subnetworks/gke-user-subnet",
            "ip_cidr_range": "10.10.0.0/24",
            "ipv6_access_type": "",
            "ipv6_cidr_range": "",
            "log_config": [],
            "name": "gke-user-subnet",
            "network": "https://www.googleapis.com/compute/v1/projects/gke-user/global/networks/gke-user-vpc",
            "private_ip_google_access": false,
            "private_ipv6_google_access": "DISABLE_GOOGLE_ACCESS",
            "project": "gke-user",
            "purpose": "PRIVATE",
            "region": "us-central1",
            "role": "",
            "secondary_ip_range": [],
            "self_link": "https://www.googleapis.com/compute/v1/projects/gke-user/regions/us-central1/subnetworks/gke-user-subnet",
            "stack_type": "IPV4_ONLY",
            "timeouts": null
          },
          "sensitive_attributes": [],
          "private": "eyJlMmJmYjczMC1lY2FhLTExZTYtOGY4OC0zNDM2M2JjN2M0YzAiOnsiY3JlYXRlIjoxMjAwMDAwMDAwMDAwLCJkZWxldGUiOjEyMDAwMDAwMDAwMDAsInVwZGF0ZSI6MTIwMDAwMDAwMDAwMH19",
          "dependencies": [
            "google_compute_network.vpc"
          ]
        }
      ]
    },
    {
      "mode": "managed",
      "type": "google_container_cluster",
      "name": "primary",
      "provider": "provider[\"registry.terraform.io/hashicorp/google\"]",
      "instances": [
        {
          "schema_version": 1,
          "attributes": {
            "addons_config": [
              {
                "cloudrun_config": [],
                "gcp_filestore_csi_driver_config": [],
                "horizontal_pod_autoscaling": [],
                "http_load_balancing": [],
                "network_policy_config": [
                  {
                    "disabled": true
                  }
                ]
              }
            ],
            "authenticator_groups_config": [],
            "cluster_autoscaling": [
              {
                "auto_provisioning_defaults": [],
                "enabled": false,
                "resource_limits": []
              }
            ],
            "cluster_ipv4_cidr": "10.12.0.0/14",
            "confidential_nodes": [],
            "database_encryption": [
              {
                "key_name": "",
                "state": "DECRYPTED"
              }
            ],
            "datapath_provider": "",
            "default_max_pods_per_node": null,
            "default_snat_status": [
              {
                "disabled": false
              }
            ],
            "description": "",
            "dns_config": [],
            "enable_autopilot": false,
            "enable_binary_authorization": false,
            "enable_intranode_visibility": false,
            "enable_kubernetes_alpha": false,
            "enable_legacy_abac": false,
            "enable_shielded_nodes": true,
            "enable_tpu": false,
            "endpoint": "35.223.234.140",
            "id": "projects/gke-user/locations/us-central1/clusters/gke-user-gke",
            "initial_node_count": 1,
            "ip_allocation_policy": [],
            "label_fingerprint": "a9dc16a7",
            "location": "us-central1",
            "logging_config": [
              {
                "enable_components": [
                  "SYSTEM_COMPONENTS",
                  "WORKLOADS"
                ]
              }
            ],
            "logging_service": "logging.googleapis.com/kubernetes",
            "maintenance_policy": [],
            "master_auth": [
              {
                "client_certificate": "",
                "client_certificate_config": [
                  {
                    "issue_client_certificate": false
                  }
                ],
                "client_key": "",
                "cluster_ca_certificate": "LS0tLS1CRUdJTiBDRVJUSUZJQ0FURS0tLS0tCk1JSUVMRENDQXBTZ0F3SUJBZ0lRUVp3ZjNPL1Q5MDlPT1BxWElsN2lQekFOQmdrcWhraUc5dzBCQVFzRkFEQXYKTVMwd0t3WURWUVFERXlRM05UUmxOR1l5WmkwMk56ZGxMVFEzWXpJdE9UQTBOeTA0TldJMVpqSTFOamM1TnpVdwpJQmNOTWpRd05USTRNVGMwTkRJNFdoZ1BNakExTkRBMU1qRXhPRFEwTWpoYU1DOHhMVEFyQmdOVkJBTVRKRGMxCk5HVTBaakptTFRZM04yVXRORGRqTWkwNU1EUTNMVGcxWWpWbU1qVTJOemszTlRDQ0FhSXdEUVlKS29aSWh2Y04KQVFFQkJRQURnZ0dQQURDQ0FZb0NnZ0dCQU9rV0ZqQWlsSHJCT2FOOTVjOEJLVy9EOG8xaHROaU9zeUFMMGlvcAp5cWlaS1dDNUdsWHFQTjYzdk9SMmdTdHNtSlVndDZKais4bU1xQW1YZzdjcVUrMEYxMzlEcldWemwvc091NHV1CjNYNVZoMFlZcG1WMGd3dXhqejNUdW9zN2lGbGFTSkVOcjVtYUVCUktERFh2R2JWbWcxV29mcGxXWE10WTdVMjMKMmZQOFJoaVZ5Y3Brbkw2MXV6aUdXdGZxRmsrc2cwVkUyRDgvYUREUlFGQXc3MmxQdmNWSVJ6NkNhL1hpTEJCRgozSFduNDloa2pTVUlHWUgrc3VOdGJzanlUM1BaV0dZb1RPUjN4RFd2dmxlSkE2ZHkraThqT0d5NkFPTFRQQnpmCmdCZjhhYVZNZ3NJR3cvUHl5K1duZ291TEovT2crYjdQY01reEpqemszNUJhaWxrR2p2cFNMclJVNTA4NnlhK3AKaCtFWkpEQ2U0QThpWDhXekZqMlgvWXdpMTdIUDlQMmFaclV5Qkp1QVhBMlZvMGdmTkdEaEZaUDhzeHJBanlsdwoyYVdTYTh6cXJ1T0hDREVmQzN5V2laNDE5UW1LSzNlMnI2alQwZE03K09JNnE1TVByeFdyNWVLSENpcmtzUmxUCjgvN2c3N0hWVS9JVitmdEtvMThJaVBHYlpRSURBUUFCbzBJd1FEQU9CZ05WSFE4QkFmOEVCQU1DQWdRd0R3WUQKVlIwVEFRSC9CQVV3QXdFQi96QWRCZ05WSFE0RUZnUVU2RTdMQ2FiZ09rRTFvNDZBanVYWUtHODZHUnN3RFFZSgpLb1pJaHZjTkFRRUxCUUFEZ2dHQkFKZDBDUXhBajliUVdJa25ERmVGelAxK3hUQ1pHMjJqUGJFRW42Y2V5dUNmCmlCRThjS2g4dzVONURsZVloSXBETHkwenNBaGZBYjNiaU4wQVZNcFRmSENVNmxBeGNvTDFFMitMTkVaQ01kSVkKOUxYTjlyMUVyTFdhd3M4TkY4WktPckVCU204OTZvUFpYL1Jjck4vS3FIYWRiTHhFZVVMSDNaNmlNYlRHVis3RgpHbUlMbE1IcGdiNUxxRVlqYnlNTWVnRTh3VUprQmxZUUYyUnBzVVFweE9mcG44V1VJc2t4OE9Gd0F5T2FmVTNPCno4UW1WS3YzbjhUS1kyQ3NCSmVHR1VjOE1WbEFqR1lWb01kSGxucm5xQzVtNitwQWZRVXkrN21RMlB3WWtOWkgKb1g2QWJkbTNVVlF2anRQVnlJUHZJVXVBMVlPWXBUWGtYS3hRTEo1WHNhZzFsOSsxV1V2cEZFSFBKMExuejh4WQp2dklCUVR6MTlVZkJMK211ZmlYdHNvZmc2cEEzZjZyQ3JCdjVTckFqUjJxY28yd0dqM2JTTTlxNFQzY3g0bEpzClFvOGorT1JvdlZaN3M0VzNVaXZ4MzBVN2VEWmJhWXZEOUhPSlk1VkI3RDdPSEJLWThQR2U4YXdYa2pRS0hjb1QKUWJxUS9MV2FXeTJPOUMvRGwzZnpDQT09Ci0tLS0tRU5EIENFUlRJRklDQVRFLS0tLS0K"
              }
            ],
            "master_authorized_networks_config": [],
            "master_version": "1.28.8-gke.1095000",
            "min_master_version": null,
            "monitoring_config": [
              {
                "enable_components": [
                  "SYSTEM_COMPONENTS"
                ]
              }
            ],
            "monitoring_service": "monitoring.googleapis.com/kubernetes",
            "name": "gke-user-gke",
            "network": "projects/gke-user/global/networks/gke-user-vpc",
            "network_policy": [
              {
                "enabled": false,
                "provider": "PROVIDER_UNSPECIFIED"
              }
            ],
            "networking_mode": "ROUTES",
            "node_config": [],
            "node_locations": [
              "us-central1-a",
              "us-central1-c",
              "us-central1-f"
            ],
            "node_pool": [],
            "node_version": "1.28.8-gke.1095000",
            "operation": null,
            "private_cluster_config": [
              {
                "enable_private_endpoint": false,
                "enable_private_nodes": false,
                "master_global_access_config": [
                  {
                    "enabled": false
                  }
                ],
                "master_ipv4_cidr_block": "",
                "peering_name": "",
                "private_endpoint": "10.10.0.2",
                "public_endpoint": "35.223.234.140"
              }
            ],
            "private_ipv6_google_access": "",
            "project": "gke-user",
            "release_channel": [
              {
                "channel": "REGULAR"
              }
            ],
            "remove_default_node_pool": true,
            "resource_labels": {},
            "resource_usage_export_config": [],
            "self_link": "https://container.googleapis.com/v1/projects/gke-user/locations/us-central1/clusters/gke-user-gke",
            "services_ipv4_cidr": "10.15.240.0/20",
            "subnetwork": "projects/gke-user/regions/us-central1/subnetworks/gke-user-subnet",
            "timeouts": null,
            "tpu_ipv4_cidr_block": "",
            "vertical_pod_autoscaling": [],
            "workload_identity_config": []
          },
          "sensitive_attributes": [],
          "private": "eyJlMmJmYjczMC1lY2FhLTExZTYtOGY4OC0zNDM2M2JjN2M0YzAiOnsiY3JlYXRlIjoyNDAwMDAwMDAwMDAwLCJkZWxldGUiOjI0MDAwMDAwMDAwMDAsInJlYWQiOjI0MDAwMDAwMDAwMDAsInVwZGF0ZSI6MzYwMDAwMDAwMDAwMH0sInNjaGVtYV92ZXJzaW9uIjoiMSJ9",
          "dependencies": [
            "google_compute_network.vpc",
            "google_compute_subnetwork.subnet"
          ]
        }
      ]
    },
    {
      "mode": "managed",
      "type": "google_container_node_pool",
      "name": "primary_nodes",
      "provider": "provider[\"registry.terraform.io/hashicorp/google\"]",
      "instances": [
        {
          "status": "tainted",
          "schema_version": 1,
          "attributes": {
            "autoscaling": [],
            "cluster": "gke-user-gke",
            "id": "projects/gke-user/locations/us-central1/clusters/gke-user-gke/nodePools/gke-user-gke",
            "initial_node_count": null,
            "instance_group_urls": null,
            "location": "us-central1",
            "managed_instance_group_urls": null,
            "management": null,
            "max_pods_per_node": null,
            "name": "gke-user-gke",
            "name_prefix": null,
            "node_config": [
              {
                "boot_disk_kms_key": "",
                "disk_size_gb": 0,
                "disk_type": "",
                "gcfs_config": [],
                "guest_accelerator": [],
                "gvnic": [],
                "image_type": "",
                "labels": {
                  "env": "gke-user"
                },
                "local_ssd_count": 0,
                "machine_type": "e2-medium",
                "metadata": {
                  "disable-legacy-endpoints": "true"
                },
                "min_cpu_platform": "",
                "node_group": "",
                "oauth_scopes": [
                  "https://www.googleapis.com/auth/logging.write",
                  "https://www.googleapis.com/auth/monitoring"
                ],
                "preemptible": false,
                "service_account": "",
                "shielded_instance_config": [],
                "spot": false,
                "tags": [
                  "gke-node",
                  "gke-user-gke"
                ],
                "taint": [],
                "workload_metadata_config": []
              }
            ],
            "node_count": 2,
            "node_locations": [],
            "operation": null,
            "project": null,
            "timeouts": null,
            "upgrade_settings": null,
            "version": null
          },
          "sensitive_attributes": [],
          "private": "eyJlMmJmYjczMC1lY2FhLTExZTYtOGY4OC0zNDM2M2JjN2M0YzAiOnsiY3JlYXRlIjoxODAwMDAwMDAwMDAwLCJkZWxldGUiOjE4MDAwMDAwMDAwMDAsInVwZGF0ZSI6MTgwMDAwMDAwMDAwMH0sInNjaGVtYV92ZXJzaW9uIjoiMSJ9",
          "dependencies": [
            "google_compute_network.vpc",
            "google_compute_subnetwork.subnet",
            "google_container_cluster.primary"
          ]
        }
      ]
    }
  ],
  "check_results": null
}
